// !$*UTF8*$!
{
	archiveVersion = 1;
	classes = {
	};
	objectVersion = 50;
	objects = {

/* Begin PBXBuildFile section */
		37023F0B20BBE2F300B116BE /* for_test.jpg in Resources */ = {isa = PBXBuildFile; fileRef = 37023F0A20BBE2F300B116BE /* for_test.jpg */; };
		37CAAA8F20B8083A001AB3AC /* AppDelegate.m in Sources */ = {isa = PBXBuildFile; fileRef = 37CAAA8E20B8083A001AB3AC /* AppDelegate.m */; };
		37CAAA9220B8083A001AB3AC /* ViewController.m in Sources */ = {isa = PBXBuildFile; fileRef = 37CAAA9120B8083A001AB3AC /* ViewController.m */; };
		37CAAA9520B8083A001AB3AC /* Main.storyboard in Resources */ = {isa = PBXBuildFile; fileRef = 37CAAA9320B8083A001AB3AC /* Main.storyboard */; };
		37CAAA9720B8083C001AB3AC /* Assets.xcassets in Resources */ = {isa = PBXBuildFile; fileRef = 37CAAA9620B8083C001AB3AC /* Assets.xcassets */; };
		37CAAA9A20B8083C001AB3AC /* LaunchScreen.storyboard in Resources */ = {isa = PBXBuildFile; fileRef = 37CAAA9820B8083C001AB3AC /* LaunchScreen.storyboard */; };
		37CAAA9D20B8083C001AB3AC /* main.m in Sources */ = {isa = PBXBuildFile; fileRef = 37CAAA9C20B8083C001AB3AC /* main.m */; };
/* End PBXBuildFile section */

/* Begin PBXFileReference section */
		37023F0A20BBE2F300B116BE /* for_test.jpg */ = {isa = PBXFileReference; lastKnownFileType = image.jpeg; path = for_test.jpg; sourceTree = "<group>"; };
		37CAAA8A20B8083A001AB3AC /* opengl_01.app */ = {isa = PBXFileReference; explicitFileType = wrapper.application; includeInIndex = 0; path = opengl_01.app; sourceTree = BUILT_PRODUCTS_DIR; };
		37CAAA8D20B8083A001AB3AC /* AppDelegate.h */ = {isa = PBXFileReference; lastKnownFileType = sourcecode.c.h; path = AppDelegate.h; sourceTree = "<group>"; };
		37CAAA8E20B8083A001AB3AC /* AppDelegate.m */ = {isa = PBXFileReference; lastKnownFileType = sourcecode.c.objc; path = AppDelegate.m; sourceTree = "<group>"; };
		37CAAA9020B8083A001AB3AC /* ViewController.h */ = {isa = PBXFileReference; lastKnownFileType = sourcecode.c.h; path = ViewController.h; sourceTree = "<group>"; };
		37CAAA9120B8083A001AB3AC /* ViewController.m */ = {isa = PBXFileReference; lastKnownFileType = sourcecode.c.objc; path = ViewController.m; sourceTree = "<group>"; };
		37CAAA9420B8083A001AB3AC /* Base */ = {isa = PBXFileReference; lastKnownFileType = file.storyboard; name = Base; path = Base.lproj/Main.storyboard; sourceTree = "<group>"; };
		37CAAA9620B8083C001AB3AC /* Assets.xcassets */ = {isa = PBXFileReference; lastKnownFileType = folder.assetcatalog; path = Assets.xcassets; sourceTree = "<group>"; };
		37CAAA9920B8083C001AB3AC /* Base */ = {isa = PBXFileReference; lastKnownFileType = file.storyboard; name = Base; path = Base.lproj/LaunchScreen.storyboard; sourceTree = "<group>"; };
		37CAAA9B20B8083C001AB3AC /* Info.plist */ = {isa = PBXFileReference; lastKnownFileType = text.plist.xml; path = Info.plist; sourceTree = "<group>"; };
		37CAAA9C20B8083C001AB3AC /* main.m */ = {isa = PBXFileReference; lastKnownFileType = sourcecode.c.objc; path = main.m; sourceTree = "<group>"; };
/* End PBXFileReference section */

/* Begin PBXFrameworksBuildPhase section */
		37CAAA8720B8083A001AB3AC /* Frameworks */ = {
			isa = PBXFrameworksBuildPhase;
			buildActionMask = 2147483647;
			files = (
			);
			runOnlyForDeploymentPostprocessing = 0;
		};
/* End PBXFrameworksBuildPhase section */

/* Begin PBXGroup section */
		37CAAA8120B8083A001AB3AC = {
			isa = PBXGroup;
			children = (
				37CAAA8C20B8083A001AB3AC /* opengl_01 */,
				37CAAA8B20B8083A001AB3AC /* Products */,
			);
			sourceTree = "<group>";
		};
		37CAAA8B20B8083A001AB3AC /* Products */ = {
			isa = PBXGroup;
			children = (
				37CAAA8A20B8083A001AB3AC /* opengl_01.app */,
			);
			name = Products;
			sourceTree = "<group>";
		};
		37CAAA8C20B8083A001AB3AC /* opengl_01 */ = {
			isa = PBXGroup;
			children = (
				37023F0A20BBE2F300B116BE /* for_test.jpg */,
				37CAAA8D20B8083A001AB3AC /* AppDelegate.h */,
				37CAAA8E20B8083A001AB3AC /* AppDelegate.m */,
				37CAAA9020B8083A001AB3AC /* ViewController.h */,
				37CAAA9120B8083A001AB3AC /* ViewController.m */,
				37CAAA9320B8083A001AB3AC /* Main.storyboard */,
				37CAAA9620B8083C001AB3AC /* Assets.xcassets */,
				37CAAA9820B8083C001AB3AC /* LaunchScreen.storyboard */,
				37CAAA9B20B8083C001AB3AC /* Info.plist */,
				37CAAA9C20B8083C001AB3AC /* main.m */,
			);
			path = opengl_01;
			sourceTree = "<group>";
		};
/* End PBXGroup section */

/* Begin PBXNativeTarget section */
		37CAAA8920B8083A001AB3AC /* opengl_01 */ = {
			isa = PBXNativeTarget;
			buildConfigurationList = 37CAAAA020B8083C001AB3AC /* Build configuration list for PBXNativeTarget "opengl_01" */;
			buildPhases = (
				37CAAA8620B8083A001AB3AC /* Sources */,
				37CAAA8720B8083A001AB3AC /* Frameworks */,
				37CAAA8820B8083A001AB3AC /* Resources */,
			);
			buildRules = (
			);
			dependencies = (
			);
			name = opengl_01;
			productName = opengl_01;
			productReference = 37CAAA8A20B8083A001AB3AC /* opengl_01.app */;
			productType = "com.apple.product-type.application";
		};
/* End PBXNativeTarget section */

/* Begin PBXProject section */
		37CAAA8220B8083A001AB3AC /* Project object */ = {
			isa = PBXProject;
			attributes = {
				LastUpgradeCheck = 0930;
				ORGANIZATIONNAME = aipu;
				TargetAttributes = {
					37CAAA8920B8083A001AB3AC = {
						CreatedOnToolsVersion = 9.3;
					};
				};
			};
			buildConfigurationList = 37CAAA8520B8083A001AB3AC /* Build configuration list for PBXProject "opengl_01" */;
			compatibilityVersion = "Xcode 9.3";
			developmentRegion = en;
			hasScannedForEncodings = 0;
			knownRegions = (
				en,
				Base,
			);
			mainGroup = 37CAAA8120B8083A001AB3AC;
			productRefGroup = 37CAAA8B20B8083A001AB3AC /* Products */;
			projectDirPath = "";
			projectRoot = "";
			targets = (
				37CAAA8920B8083A001AB3AC /* opengl_01 */,
			);
		};
/* End PBXProject section */

/* Begin PBXResourcesBuildPhase section */
		37CAAA8820B8083A001AB3AC /* Resources */ = {
			isa = PBXResourcesBuildPhase;
			buildActionMask = 2147483647;
			files = (
				37CAAA9A20B8083C001AB3AC /* LaunchScreen.storyboard in Resources */,
				37023F0B20BBE2F300B116BE /* for_test.jpg in Resources */,
				37CAAA9720B8083C001AB3AC /* Assets.xcassets in Resources */,
				37CAAA9520B8083A001AB3AC /* Main.storyboard in Resources */,
			);
			runOnlyForDeploymentPostprocessing = 0;
		};
/* End PBXResourcesBuildPhase section */

/* Begin PBXSourcesBuildPhase section */
		37CAAA8620B8083A001AB3AC /* Sources */ = {
			isa = PBXSourcesBuildPhase;
			buildActionMask = 2147483647;
			files = (
				37CAAA9220B8083A001AB3AC /* ViewController.m in Sources */,
				37CAAA9D20B8083C001AB3AC /* main.m in Sources */,
				37CAAA8F20B8083A001AB3AC /* AppDelegate.m in Sources */,
			);
			runOnlyForDeploymentPostprocessing = 0;
		};
/* End PBXSourcesBuildPhase section */

/* Begin PBXVariantGroup section */
		37CAAA9320B8083A001AB3AC /* Main.storyboard */ = {
			isa = PBXVariantGroup;
			children = (
				37CAAA9420B8083A001AB3AC /* Base */,
			);
			name = Main.storyboard;
			sourceTree = "<group>";
		};
		37CAAA9820B8083C001AB3AC /* LaunchScreen.storyboard */ = {
			isa = PBXVariantGroup;
			children = (
				37CAAA9920B8083C001AB3AC /* Base */,
			);
			name = LaunchScreen.storyboard;
			sourceTree = "<group>";
		};
/* End PBXVariantGroup section */

/* Begin XCBuildConfiguration section */
		37CAAA9E20B8083C001AB3AC /* Debug */ = {
			isa = XCBuildConfiguration;
			buildSettings = {
				ALWAYS_SEARCH_USER_PATHS = NO;
				CLANG_ANALYZER_NONNULL = YES;
				CLANG_ANALYZER_NUMBER_OBJECT_CONVERSION = YES_AGGRESSIVE;
				CLANG_CXX_LANGUAGE_STANDARD = "gnu++14";
				CLANG_CXX_LIBRARY = "libc++";
				CLANG_ENABLE_MODULES = YES;
				CLANG_ENABLE_OBJC_ARC = YES;
				CLANG_ENABLE_OBJC_WEAK = YES;
				CLANG_WARN_BLOCK_CAPTURE_AUTORELEASING = YES;
				CLANG_WARN_BOOL_CONVERSION = YES;
				CLANG_WARN_COMMA = YES;
				CLANG_WARN_CONSTANT_CONVERSION = YES;
				CLANG_WARN_DEPRECATED_OBJC_IMPLEMENTATIONS = YES;
				CLANG_WARN_DIRECT_OBJC_ISA_USAGE = YES_ERROR;
				CLANG_WARN_DOCUMENTATION_COMMENTS = YES;
				CLANG_WARN_EMPTY_BODY = YES;
				CLANG_WARN_ENUM_CONVERSION = YES;
				CLANG_WARN_INFINITE_RECURSION = YES;
				CLANG_WARN_INT_CONVERSION = YES;
				CLANG_WARN_NON_LITERAL_NULL_CONVERSION = YES;
				CLANG_WARN_OBJC_IMPLICIT_RETAIN_SELF = YES;
				CLANG_WARN_OBJC_LITERAL_CONVERSION = YES;
				CLANG_WARN_OBJC_ROOT_CLASS = YES_ERROR;
				CLANG_WARN_RANGE_LOOP_ANALYSIS = YES;
				CLANG_WARN_STRICT_PROTOTYPES = YES;
				CLANG_WARN_SUSPICIOUS_MOVE = YES;
				CLANG_WARN_UNGUARDED_AVAILABILITY = YES_AGGRESSIVE;
				CLANG_WARN_UNREACHABLE_CODE = YES;
				CLANG_WARN__DUPLICATE_METHOD_MATCH = YES;
				CODE_SIGN_IDENTITY = "iPhone Developer";
				COPY_PHASE_STRIP = NO;
				DEBUG_INFORMATION_FORMAT = dwarf;
				ENABLE_STRICT_OBJC_MSGSEND = YES;
				ENABLE_TESTABILITY = YES;
				GCC_C_LANGUAGE_STANDARD = gnu11;
				GCC_DYNAMIC_NO_PIC = NO;
				GCC_NO_COMMON_BLOCKS = YES;
				GCC_OPTIMIZATION_LEVEL = 0;
				GCC_PREPROCESSOR_DEFINITIONS = (
					"DEBUG=1",
					"$(inherited)",
				);
				GCC_WARN_64_TO_32_BIT_CONVERSION = YES;
				GCC_WARN_ABOUT_RETURN_TYPE = YES_ERROR;
				GCC_WARN_UNDECLARED_SELECTOR = YES;
				GCC_WARN_UNINITIALIZED_AUTOS = YES_AGGRESSIVE;
				GCC_WARN_UNUSED_FUNCTION = YES;
				GCC_WARN_UNUSED_VARIABLE = YES;
				IPHONEOS_DEPLOYMENT_TARGET = 11.3;
				MTL_ENABLE_DEBUG_INFO = YES;
				ONLY_ACTIVE_ARCH = YES;
				SDKROOT = iphoneos;
			};
			name = Debug;
		};
		37CAAA9F20B8083C001AB3AC /* Release */ = {
			isa = XCBuildConfiguration;
			buildSettings = {
				ALWAYS_SEARCH_USER_PATHS = NO;
				CLANG_ANALYZER_NONNULL = YES;
				CLANG_ANALYZER_NUMBER_OBJECT_CONVERSION = YES_AGGRESSIVE;
				CLANG_CXX_LANGUAGE_STANDARD = "gnu++14";
				CLANG_CXX_LIBRARY = "libc++";
				CLANG_ENABLE_MODULES = YES;
				CLANG_ENABLE_OBJC_ARC = YES;
				CLANG_ENABLE_OBJC_WEAK = YES;
				CLANG_WARN_BLOCK_CAPTURE_AUTORELEASING = YES;
				CLANG_WARN_BOOL_CONVERSION = YES;
				CLANG_WARN_COMMA = YES;
				CLANG_WARN_CONSTANT_CONVERSION = YES;
				CLANG_WARN_DEPRECATED_OBJC_IMPLEMENTATIONS = YES;
				CLANG_WARN_DIRECT_OBJC_ISA_USAGE = YES_ERROR;
				CLANG_WARN_DOCUMENTATION_COMMENTS = YES;
				CLANG_WARN_EMPTY_BODY = YES;
				CLANG_WARN_ENUM_CONVERSION = YES;
				CLANG_WARN_INFINITE_RECURSION = YES;
				CLANG_WARN_INT_CONVERSION = YES;
				CLANG_WARN_NON_LITERAL_NULL_CONVERSION = YES;
				CLANG_WARN_OBJC_IMPLICIT_RETAIN_SELF = YES;
				CLANG_WARN_OBJC_LITERAL_CONVERSION = YES;
				CLANG_WARN_OBJC_ROOT_CLASS = YES_ERROR;
				CLANG_WARN_RANGE_LOOP_ANALYSIS = YES;
				CLANG_WARN_STRICT_PROTOTYPES = YES;
				CLANG_WARN_SUSPICIOUS_MOVE = YES;
				CLANG_WARN_UNGUARDED_AVAILABILITY = YES_AGGRESSIVE;
				CLANG_WARN_UNREACHABLE_CODE = YES;
				CLANG_WARN__DUPLICATE_METHOD_MATCH = YES;
				CODE_SIGN_IDENTITY = "iPhone Developer";
				COPY_PHASE_STRIP = NO;
				DEBUG_INFORMATION_FORMAT = "dwarf-with-dsym";
				ENABLE_NS_ASSERTIONS = NO;
				ENABLE_STRICT_OBJC_MSGSEND = YES;
				GCC_C_LANGUAGE_STANDARD = gnu11;
				GCC_NO_COMMON_BLOCKS = YES;
				GCC_WARN_64_TO_32_BIT_CONVERSION = YES;
				GCC_WARN_ABOUT_RETURN_TYPE = YES_ERROR;
				GCC_WARN_UNDECLARED_SELECTOR = YES;
				GCC_WARN_UNINITIALIZED_AUTOS = YES_AGGRESSIVE;
				GCC_WARN_UNUSED_FUNCTION = YES;
				GCC_WARN_UNUSED_VARIABLE = YES;
				IPHONEOS_DEPLOYMENT_TARGET = 11.3;
				MTL_ENABLE_DEBUG_INFO = NO;
				SDKROOT = iphoneos;
				VALIDATE_PRODUCT = YES;
			};
			name = Release;
		};
		37CAAAA120B8083C001AB3AC /* Debug */ = {
			isa = XCBuildConfiguration;
			buildSettings = {
				ASSETCATALOG_COMPILER_APPICON_NAME = AppIcon;
				CODE_SIGN_STYLE = Automatic;
				DEVELOPMENT_TEAM = Y74F3HW52W;
				INFOPLIST_FILE = opengl_01/Info.plist;
				LD_RUNPATH_SEARCH_PATHS = (
					"$(inherited)",
					"@executable_path/Frameworks",
				);
				PRODUCT_BUNDLE_IDENTIFIER = "aipu.opengl-01";
				PRODUCT_NAME = "$(TARGET_NAME)";
				TARGETED_DEVICE_FAMILY = "1,2";
			};
			name = Debug;
		};
		37CAAAA220B8083C001AB3AC /* Release */ = {
			isa = XCBuildConfiguration;
			buildSettings = {
				ASSETCATALOG_COMPILER_APPICON_NAME = AppIcon;
				CODE_SIGN_STYLE = Automatic;
				DEVELOPMENT_TEAM = Y74F3HW52W;
				INFOPLIST_FILE = opengl_01/Info.plist;
				LD_RUNPATH_SEARCH_PATHS = (
					"$(inherited)",
					"@executable_path/Frameworks",
				);
				PRODUCT_BUNDLE_IDENTIFIER = "aipu.opengl-01";
				PRODUCT_NAME = "$(TARGET_NAME)";
				TARGETED_DEVICE_FAMILY = "1,2";
			};
			name = Release;
		};
/* End XCBuildConfiguration section */

/* Begin XCConfigurationList section */
		37CAAA8520B8083A001AB3AC /* Build configuration list for PBXProject "opengl_01" */ = {
			isa = XCConfigurationList;
			buildConfigurations = (
				37CAAA9E20B8083C001AB3AC /* Debug */,
				37CAAA9F20B8083C001AB3AC /* Release */,
			);
			defaultConfigurationIsVisible = 0;
			defaultConfigurationName = Release;
		};
		37CAAAA020B8083C001AB3AC /* Build configuration list for PBXNativeTarget "opengl_01" */ = {
			isa = XCConfigurationList;
			buildConfigurations = (
				37CAAAA120B8083C001AB3AC /* Debug */,
				37CAAAA220B8083C001AB3AC /* Release */,
			);
			defaultConfigurationIsVisible = 0;
			defaultConfigurationName = Release;
		};
/* End XCConfigurationList section */
	};
	rootObject = 37CAAA8220B8083A001AB3AC /* Project object */;
}
